
Microsoft Visual Studio Solution File, Format Version 12.00
# Visual Studio Version 17
VisualStudioVersion = 17.4.33205.214
MinimumVisualStudioVersion = 10.0.40219.1
Project("{FAE04EC0-301F-11D3-BF4B-00C04F79EFBC}") = "Deck drafter", "Deck drafter\Deck drafter.csproj", "{76726893-7AFE-4D48-BD65-6EB57AAEF2E5}"
EndProject
Global
	GlobalSection(SolutionConfigurationPlatforms) = preSolution
		Debug|Any CPU = Debug|Any CPU
		Release|Any CPU = Release|Any CPU
	EndGlobalSection
	GlobalSection(ProjectConfigurationPlatforms) = postSolution
		{76726893-7AFE-4D48-BD65-6EB57AAEF2E5}.Debug|Any CPU.ActiveCfg = Debug|Any CPU
		{76726893-7AFE-4D48-BD65-6EB57AAEF2E5}.Debug|Any CPU.Build.0 = Debug|Any CPU
		{76726893-7AFE-4D48-BD65-6EB57AAEF2E5}.Release|Any CPU.ActiveCfg = Release|Any CPU
		{76726893-7AFE-4D48-BD65-6EB57AAEF2E5}.Release|Any CPU.Build.0 = Release|Any CPU
	EndGlobalSection
	GlobalSection(SolutionProperties) = preSolution
		HideSolutionNode = FALSE
	EndGlobalSection
	GlobalSection(ExtensibilityGlobals) = postSolution
		SolutionGuid = {1341FAA1-DE7F-4835-892C-390A12A3F3E2}
	EndGlobalSection
EndGlobal
